
Microsoft Visual Studio Solution File, Format Version 12.00
# Visual Studio Version 16
VisualStudioVersion = 16.0.30717.126
MinimumVisualStudioVersion = 10.0.40219.1
Project("{9A19103F-16F7-4668-BE54-9A1E7A4F7556}") = "Mon-Ami.API", "Mon-Ami.API\Mon-Ami.API.csproj", "{0130536C-4FCA-4179-BE27-46A9D4743567}"
EndProject
Project("{9A19103F-16F7-4668-BE54-9A1E7A4F7556}") = "Mon-Ami.SignalR", "Mon-Ami.SignalR\Mon-Ami.SignalR.csproj", "{B9906E57-0B64-43F5-9204-84685E0DB4C0}"
EndProject
Project("{9A19103F-16F7-4668-BE54-9A1E7A4F7556}") = "Mon-Ami.Test", "Mon-Ami.Test\Mon-Ami.Test.csproj", "{A867DF2A-BB14-49CB-B90C-00E16F50137E}"
EndProject
Project("{9A19103F-16F7-4668-BE54-9A1E7A4F7556}") = "API.Persistence", "API.Persistence\API.Persistence.csproj", "{D620F8C0-9548-4849-807F-D5BBCB116868}"
EndProject
Project("{9A19103F-16F7-4668-BE54-9A1E7A4F7556}") = "API.Application", "API.Application\API.Application.csproj", "{10A3FA89-E3C2-4ED0-B2FA-8D14A9CC4684}"
EndProject
Project("{9A19103F-16F7-4668-BE54-9A1E7A4F7556}") = "API.Domain", "API.Domain\API.Domain.csproj", "{E802D773-279D-44F0-AAD1-DC8894A9A764}"
EndProject
Project("{FAE04EC0-301F-11D3-BF4B-00C04F79EFBC}") = "Infrastructure", "Infrastructure\Infrastructure.csproj", "{C5377C2B-866A-4A60-BAA3-1169612E4DE5}"
EndProject
Global
	GlobalSection(SolutionConfigurationPlatforms) = preSolution
		Debug|Any CPU = Debug|Any CPU
		Release|Any CPU = Release|Any CPU
	EndGlobalSection
	GlobalSection(ProjectConfigurationPlatforms) = postSolution
		{0130536C-4FCA-4179-BE27-46A9D4743567}.Debug|Any CPU.ActiveCfg = Debug|Any CPU
		{0130536C-4FCA-4179-BE27-46A9D4743567}.Debug|Any CPU.Build.0 = Debug|Any CPU
		{0130536C-4FCA-4179-BE27-46A9D4743567}.Release|Any CPU.ActiveCfg = Release|Any CPU
		{0130536C-4FCA-4179-BE27-46A9D4743567}.Release|Any CPU.Build.0 = Release|Any CPU
		{B9906E57-0B64-43F5-9204-84685E0DB4C0}.Debug|Any CPU.ActiveCfg = Debug|Any CPU
		{B9906E57-0B64-43F5-9204-84685E0DB4C0}.Debug|Any CPU.Build.0 = Debug|Any CPU
		{B9906E57-0B64-43F5-9204-84685E0DB4C0}.Release|Any CPU.ActiveCfg = Release|Any CPU
		{B9906E57-0B64-43F5-9204-84685E0DB4C0}.Release|Any CPU.Build.0 = Release|Any CPU
		{A867DF2A-BB14-49CB-B90C-00E16F50137E}.Debug|Any CPU.ActiveCfg = Debug|Any CPU
		{A867DF2A-BB14-49CB-B90C-00E16F50137E}.Debug|Any CPU.Build.0 = Debug|Any CPU
		{A867DF2A-BB14-49CB-B90C-00E16F50137E}.Release|Any CPU.ActiveCfg = Release|Any CPU
		{A867DF2A-BB14-49CB-B90C-00E16F50137E}.Release|Any CPU.Build.0 = Release|Any CPU
		{D620F8C0-9548-4849-807F-D5BBCB116868}.Debug|Any CPU.ActiveCfg = Debug|Any CPU
		{D620F8C0-9548-4849-807F-D5BBCB116868}.Debug|Any CPU.Build.0 = Debug|Any CPU
		{D620F8C0-9548-4849-807F-D5BBCB116868}.Release|Any CPU.ActiveCfg = Release|Any CPU
		{D620F8C0-9548-4849-807F-D5BBCB116868}.Release|Any CPU.Build.0 = Release|Any CPU
		{10A3FA89-E3C2-4ED0-B2FA-8D14A9CC4684}.Debug|Any CPU.ActiveCfg = Debug|Any CPU
		{10A3FA89-E3C2-4ED0-B2FA-8D14A9CC4684}.Debug|Any CPU.Build.0 = Debug|Any CPU
		{10A3FA89-E3C2-4ED0-B2FA-8D14A9CC4684}.Release|Any CPU.ActiveCfg = Release|Any CPU
		{10A3FA89-E3C2-4ED0-B2FA-8D14A9CC4684}.Release|Any CPU.Build.0 = Release|Any CPU
		{E802D773-279D-44F0-AAD1-DC8894A9A764}.Debug|Any CPU.ActiveCfg = Debug|Any CPU
		{E802D773-279D-44F0-AAD1-DC8894A9A764}.Debug|Any CPU.Build.0 = Debug|Any CPU
		{E802D773-279D-44F0-AAD1-DC8894A9A764}.Release|Any CPU.ActiveCfg = Release|Any CPU
		{E802D773-279D-44F0-AAD1-DC8894A9A764}.Release|Any CPU.Build.0 = Release|Any CPU
		{C5377C2B-866A-4A60-BAA3-1169612E4DE5}.Debug|Any CPU.ActiveCfg = Debug|Any CPU
		{C5377C2B-866A-4A60-BAA3-1169612E4DE5}.Debug|Any CPU.Build.0 = Debug|Any CPU
		{C5377C2B-866A-4A60-BAA3-1169612E4DE5}.Release|Any CPU.ActiveCfg = Release|Any CPU
		{C5377C2B-866A-4A60-BAA3-1169612E4DE5}.Release|Any CPU.Build.0 = Release|Any CPU
	EndGlobalSection
	GlobalSection(SolutionProperties) = preSolution
		HideSolutionNode = FALSE
	EndGlobalSection
	GlobalSection(ExtensibilityGlobals) = postSolution
		SolutionGuid = {7A9EAB20-CCA3-4B3D-9769-E94B94C8EA6F}
	EndGlobalSection
EndGlobal
